{
  "projects": [
    {
      "projectId": "r3ASNrnyvLLLAtDvzUioQ",
      "version": "4.5.0",
      "dependencies": {},
      "lang": "ts",
      "fileLocks": [
        {
          "assetId": "r3ASNrnyvLLLAtDvzUioQ",
          "type": "projectCss",
          "checksum": "e1ec850476829c38b0f9b6d4f7ac446a"
        }
      ],
      "codegenVersion": "0.0.1"
    },
    {
      "projectId": "gLnoj82AzKVVT7qXiqAbHD",
      "version": "2.11.0",
      "dependencies": {},
      "lang": "ts",
      "fileLocks": [
        {
          "assetId": "gLnoj82AzKVVT7qXiqAbHD",
          "type": "projectCss",
          "checksum": "e1ec850476829c38b0f9b6d4f7ac446a"
        },
        {
          "type": "renderModule",
          "assetId": "lBHNzts6tFyj",
          "checksum": "23a3f5ba190ca0148ffcc66137739d36"
        },
        {
          "type": "cssRules",
          "assetId": "lBHNzts6tFyj",
          "checksum": "23a3f5ba190ca0148ffcc66137739d36"
        },
        {
          "type": "icon",
          "assetId": "zq2s7N0xWucT",
          "checksum": "61b12414624174db4cd2e3e683119fcb"
        },
        {
          "type": "icon",
          "assetId": "8K40faRNhuCj",
          "checksum": "4fedd32cd8730884585d804464a39318"
        }
      ],
      "codegenVersion": "0.0.1"
    },
    {
      "projectId": "ezkdNhfrRmM95aaSGhzoSe",
      "version": "latest",
      "dependencies": {
        "gLnoj82AzKVVT7qXiqAbHD": "2.11.0",
        "r3ASNrnyvLLLAtDvzUioQ": "4.5.0"
      },
      "lang": "ts",
      "fileLocks": [
        {
          "type": "globalVariant",
          "assetId": "89QTiNqLCj63",
          "checksum": "0b5d1aa0ed1d4a430b05a8df5bbfcc8a"
        },
        {
          "type": "renderModule",
          "assetId": "GwlXTqEvrFnr",
          "checksum": "a8205433cd2dcb8ac5da4b2f8c31e0f1"
        },
        {
          "type": "cssRules",
          "assetId": "GwlXTqEvrFnr",
          "checksum": "a8205433cd2dcb8ac5da4b2f8c31e0f1"
        },
        {
          "type": "renderModule",
          "assetId": "UhlWBi0z3pZe",
          "checksum": "c55ba6ba415612cb0a14abb5e31468e4"
        },
        {
          "type": "cssRules",
          "assetId": "UhlWBi0z3pZe",
          "checksum": "c55ba6ba415612cb0a14abb5e31468e4"
        },
        {
          "assetId": "ezkdNhfrRmM95aaSGhzoSe",
          "type": "projectCss",
          "checksum": "17fa05ec302f929f4d7f934df771356c"
        }
      ],
      "codegenVersion": "0.0.1"
    }
  ],
  "cliVersion": "0.1.330"
}
